
Microsoft Visual Studio Solution File, Format Version 12.00
# Visual Studio Version 17
VisualStudioVersion = 17.5.33516.290
MinimumVisualStudioVersion = 10.0.40219.1
Project("{888888A0-9F3D-457C-B088-3A5042F75D52}") = "rozdzial5_if", "rozdzial5_if.pyproj", "{B754ED2C-B4C4-4484-9603-F280A26A0ABB}"
EndProject
Global
	GlobalSection(SolutionConfigurationPlatforms) = preSolution
		Debug|Any CPU = Debug|Any CPU
		Release|Any CPU = Release|Any CPU
	EndGlobalSection
	GlobalSection(ProjectConfigurationPlatforms) = postSolution
		{B754ED2C-B4C4-4484-9603-F280A26A0ABB}.Debug|Any CPU.ActiveCfg = Debug|Any CPU
		{B754ED2C-B4C4-4484-9603-F280A26A0ABB}.Release|Any CPU.ActiveCfg = Release|Any CPU
	EndGlobalSection
	GlobalSection(SolutionProperties) = preSolution
		HideSolutionNode = FALSE
	EndGlobalSection
	GlobalSection(ExtensibilityGlobals) = postSolution
		SolutionGuid = {8283944D-4B10-4F42-AAAF-8323AD5DB08A}
	EndGlobalSection
EndGlobal
